github.com/Pallinder/go-randomdata v1.1.0 h1:gUubB1IEUliFmzjqjhf+bgkg1o6uoFIkRsP3VrhEcx8=
github.com/Pallinder/go-randomdata v1.1.0/go.mod h1:yHmJgulpD2Nfrm0cR9tI/+oAgRqCQQixsA8HyRZfV9Y=
github.com/davecgh/go-spew v1.1.1 h1:vj9j/u1bqnvCEfJOwUhtlOARqs3+rkHYY13jYWTU97c=
github.com/davecgh/go-spew v1.1.1/go.mod h1:J7Y8YcW2NihsgmVo/mv3lAwl/skON4iLHjSsI+c5H38=
github.com/golib/assert v0.0.0-20170825111607-0306abba9bd3 h1:oulReRd2nZaxbc0zJw2fThTS9fw5u8NWZx9HtkvWYkc=
github.com/golib/assert v0.0.0-20170825111607-0306abba9bd3/go.mod h1:vPapUz+xrnvoZuYjBvR3UnfcP/Gnv/jU3HANuQk2WHI=
github.com/pmezard/go-difflib v1.0.0 h1:4DBwDE0NGyQoBHbLQYPwSUPoCMWR5BEzIk/f1lZbAQM=
github.com/pmezard/go-difflib v1.0.0/go.mod h1:iKH77koFhYxTK1pcRnkKkqfTogsbg7gZNVY4sRDYZ/4=
